
Microsoft Visual Studio Solution File, Format Version 12.00
# Visual Studio 15
VisualStudioVersion = 15.0.27004.2006
MinimumVisualStudioVersion = 10.0.40219.1
Project("{2150E333-8FDC-42A3-9474-1A3956D46DE8}") = "src", "src", "{EACB8FA1-0DFD-495B-8C4F-19F25C6A3127}"
EndProject
Project("{2150E333-8FDC-42A3-9474-1A3956D46DE8}") = "01 - Presentation", "01 - Presentation", "{8315320F-2F72-450F-BAD3-C2B252FA4972}"
EndProject
Project("{2150E333-8FDC-42A3-9474-1A3956D46DE8}") = "02 - Application", "02 - Application", "{7FF5EF03-28BD-4D04-95BA-EB4ADADE3F6A}"
EndProject
Project("{2150E333-8FDC-42A3-9474-1A3956D46DE8}") = "03 - Domain", "03 - Domain", "{4C71D9C2-4ACC-4452-9E15-05006FA2076F}"
EndProject
Project("{2150E333-8FDC-42A3-9474-1A3956D46DE8}") = "04 - Infra", "04 - Infra", "{65AD96E9-5E67-48C5-BC09-BD017A0D1C27}"
EndProject
Project("{2150E333-8FDC-42A3-9474-1A3956D46DE8}") = "05 - CrossCuting", "05 - CrossCuting", "{37623EC4-90B6-4D4A-8714-F904BB6AB45F}"
EndProject
Project("{2150E333-8FDC-42A3-9474-1A3956D46DE8}") = "04.01 - Ioc", "04.01 - Ioc", "{182D1355-0D93-4ACD-8C94-B269AC2FE744}"
EndProject
Project("{FAE04EC0-301F-11D3-BF4B-00C04F79EFBC}") = "Integration.Ioc", "src\Integration.Ioc\Integration.Ioc.csproj", "{209295CF-A12F-4EFC-AAD8-43FC4987C170}"
EndProject
Project("{2150E333-8FDC-42A3-9474-1A3956D46DE8}") = "04.02 - Data", "04.02 - Data", "{FB22F557-AC2A-46C1-9130-2A39269128B3}"
EndProject
Project("{FAE04EC0-301F-11D3-BF4B-00C04F79EFBC}") = "Integration.Infra.Data", "Integration.Infra.Data\Integration.Infra.Data.csproj", "{694F5F55-C13D-4B3B-BDCC-B136D5C5EE7A}"
EndProject
Project("{2150E333-8FDC-42A3-9474-1A3956D46DE8}") = "03.01 - Entities", "03.01 - Entities", "{E4A4B575-D55B-4FA7-95C9-4662A521E19C}"
EndProject
Project("{2150E333-8FDC-42A3-9474-1A3956D46DE8}") = "Interfaces", "Interfaces", "{5AB33AF5-B6BF-43F3-B0E7-831A843E659C}"
EndProject
Project("{FAE04EC0-301F-11D3-BF4B-00C04F79EFBC}") = "Integration.Domain.Entities", "Integration.Domain.Entities\Integration.Domain.Entities.csproj", "{1DC706A3-ADF0-4254-98F4-DEBE0F8A64D2}"
EndProject
Project("{FAE04EC0-301F-11D3-BF4B-00C04F79EFBC}") = "Integration.Application", "Integration.Application\Integration.Application.csproj", "{1A853DDB-12F8-4078-AE28-9DE7C0E2D45F}"
EndProject
Global
	GlobalSection(SolutionConfigurationPlatforms) = preSolution
		Debug|Any CPU = Debug|Any CPU
		Release|Any CPU = Release|Any CPU
	EndGlobalSection
	GlobalSection(ProjectConfigurationPlatforms) = postSolution
		{209295CF-A12F-4EFC-AAD8-43FC4987C170}.Debug|Any CPU.ActiveCfg = Debug|Any CPU
		{209295CF-A12F-4EFC-AAD8-43FC4987C170}.Debug|Any CPU.Build.0 = Debug|Any CPU
		{209295CF-A12F-4EFC-AAD8-43FC4987C170}.Release|Any CPU.ActiveCfg = Release|Any CPU
		{209295CF-A12F-4EFC-AAD8-43FC4987C170}.Release|Any CPU.Build.0 = Release|Any CPU
		{694F5F55-C13D-4B3B-BDCC-B136D5C5EE7A}.Debug|Any CPU.ActiveCfg = Debug|Any CPU
		{694F5F55-C13D-4B3B-BDCC-B136D5C5EE7A}.Debug|Any CPU.Build.0 = Debug|Any CPU
		{694F5F55-C13D-4B3B-BDCC-B136D5C5EE7A}.Release|Any CPU.ActiveCfg = Release|Any CPU
		{694F5F55-C13D-4B3B-BDCC-B136D5C5EE7A}.Release|Any CPU.Build.0 = Release|Any CPU
		{1DC706A3-ADF0-4254-98F4-DEBE0F8A64D2}.Debug|Any CPU.ActiveCfg = Debug|Any CPU
		{1DC706A3-ADF0-4254-98F4-DEBE0F8A64D2}.Debug|Any CPU.Build.0 = Debug|Any CPU
		{1DC706A3-ADF0-4254-98F4-DEBE0F8A64D2}.Release|Any CPU.ActiveCfg = Release|Any CPU
		{1DC706A3-ADF0-4254-98F4-DEBE0F8A64D2}.Release|Any CPU.Build.0 = Release|Any CPU
		{1A853DDB-12F8-4078-AE28-9DE7C0E2D45F}.Debug|Any CPU.ActiveCfg = Debug|Any CPU
		{1A853DDB-12F8-4078-AE28-9DE7C0E2D45F}.Debug|Any CPU.Build.0 = Debug|Any CPU
		{1A853DDB-12F8-4078-AE28-9DE7C0E2D45F}.Release|Any CPU.ActiveCfg = Release|Any CPU
		{1A853DDB-12F8-4078-AE28-9DE7C0E2D45F}.Release|Any CPU.Build.0 = Release|Any CPU
	EndGlobalSection
	GlobalSection(SolutionProperties) = preSolution
		HideSolutionNode = FALSE
	EndGlobalSection
	GlobalSection(NestedProjects) = preSolution
		{8315320F-2F72-450F-BAD3-C2B252FA4972} = {EACB8FA1-0DFD-495B-8C4F-19F25C6A3127}
		{7FF5EF03-28BD-4D04-95BA-EB4ADADE3F6A} = {EACB8FA1-0DFD-495B-8C4F-19F25C6A3127}
		{4C71D9C2-4ACC-4452-9E15-05006FA2076F} = {EACB8FA1-0DFD-495B-8C4F-19F25C6A3127}
		{65AD96E9-5E67-48C5-BC09-BD017A0D1C27} = {EACB8FA1-0DFD-495B-8C4F-19F25C6A3127}
		{37623EC4-90B6-4D4A-8714-F904BB6AB45F} = {EACB8FA1-0DFD-495B-8C4F-19F25C6A3127}
		{182D1355-0D93-4ACD-8C94-B269AC2FE744} = {65AD96E9-5E67-48C5-BC09-BD017A0D1C27}
		{209295CF-A12F-4EFC-AAD8-43FC4987C170} = {182D1355-0D93-4ACD-8C94-B269AC2FE744}
		{FB22F557-AC2A-46C1-9130-2A39269128B3} = {65AD96E9-5E67-48C5-BC09-BD017A0D1C27}
		{694F5F55-C13D-4B3B-BDCC-B136D5C5EE7A} = {FB22F557-AC2A-46C1-9130-2A39269128B3}
		{E4A4B575-D55B-4FA7-95C9-4662A521E19C} = {4C71D9C2-4ACC-4452-9E15-05006FA2076F}
		{5AB33AF5-B6BF-43F3-B0E7-831A843E659C} = {E4A4B575-D55B-4FA7-95C9-4662A521E19C}
		{1DC706A3-ADF0-4254-98F4-DEBE0F8A64D2} = {5AB33AF5-B6BF-43F3-B0E7-831A843E659C}
		{1A853DDB-12F8-4078-AE28-9DE7C0E2D45F} = {7FF5EF03-28BD-4D04-95BA-EB4ADADE3F6A}
	EndGlobalSection
	GlobalSection(ExtensibilityGlobals) = postSolution
		SolutionGuid = {021DC7DF-2332-484B-AF46-40A4ECD4511F}
	EndGlobalSection
EndGlobal
